
Microsoft Visual Studio Solution File, Format Version 12.00
# Visual Studio 14
VisualStudioVersion = 14.0.25420.1
MinimumVisualStudioVersion = 10.0.40219.1
Project("{D954291E-2A0B-460D-934E-DC6B0785DB48}") = "CrossCamApp", "CrossCamApp\CrossCamApp\CrossCamApp.shproj", "{47AD3BCB-6215-4A1B-B488-94AAB8EC8F64}"
EndProject
Project("{FAE04EC0-301F-11D3-BF4B-00C04F79EFBC}") = "CrossCamApp.Android", "CrossCamApp\CrossCamApp.Android\CrossCamApp.Android.csproj", "{A82840BD-E6B5-4D00-B497-0DFCAA07F51D}"
EndProject
Project("{FAE04EC0-301F-11D3-BF4B-00C04F79EFBC}") = "CrossCamApp.iOS", "CrossCamApp\CrossCamApp.iOS\CrossCamApp.iOS.csproj", "{F2C43B7D-40EF-4F02-B9B4-8F8CFF6CC40F}"
EndProject
Project("{FAE04EC0-301F-11D3-BF4B-00C04F79EFBC}") = "CrossCamApp.UWP", "CrossCamApp\CrossCamApp.UWP\CrossCamApp.UWP.csproj", "{2FAA120D-3D7E-4615-81CE-7ABF3E060541}"
EndProject
Global
	GlobalSection(SharedMSBuildProjectFiles) = preSolution
		CrossCamApp\CrossCamApp\CrossCamApp.projitems*{47ad3bcb-6215-4a1b-b488-94aab8ec8f64}*SharedItemsImports = 13
		CrossCamApp\CrossCamApp\CrossCamApp.projitems*{a82840bd-e6b5-4d00-b497-0dfcaa07f51d}*SharedItemsImports = 4
		CrossCamApp\CrossCamApp\CrossCamApp.projitems*{f2c43b7d-40ef-4f02-b9b4-8f8cff6cc40f}*SharedItemsImports = 4
	EndGlobalSection
	GlobalSection(SolutionConfigurationPlatforms) = preSolution
		Ad-Hoc|Any CPU = Ad-Hoc|Any CPU
		Ad-Hoc|ARM = Ad-Hoc|ARM
		Ad-Hoc|iPhone = Ad-Hoc|iPhone
		Ad-Hoc|iPhoneSimulator = Ad-Hoc|iPhoneSimulator
		Ad-Hoc|x64 = Ad-Hoc|x64
		Ad-Hoc|x86 = Ad-Hoc|x86
		AppStore|Any CPU = AppStore|Any CPU
		AppStore|ARM = AppStore|ARM
		AppStore|iPhone = AppStore|iPhone
		AppStore|iPhoneSimulator = AppStore|iPhoneSimulator
		AppStore|x64 = AppStore|x64
		AppStore|x86 = AppStore|x86
		Debug|Any CPU = Debug|Any CPU
		Debug|ARM = Debug|ARM
		Debug|iPhone = Debug|iPhone
		Debug|iPhoneSimulator = Debug|iPhoneSimulator
		Debug|x64 = Debug|x64
		Debug|x86 = Debug|x86
		Release|Any CPU = Release|Any CPU
		Release|ARM = Release|ARM
		Release|iPhone = Release|iPhone
		Release|iPhoneSimulator = Release|iPhoneSimulator
		Release|x64 = Release|x64
		Release|x86 = Release|x86
	EndGlobalSection
	GlobalSection(ProjectConfigurationPlatforms) = postSolution
		{A82840BD-E6B5-4D00-B497-0DFCAA07F51D}.Ad-Hoc|Any CPU.ActiveCfg = Release|Any CPU
		{A82840BD-E6B5-4D00-B497-0DFCAA07F51D}.Ad-Hoc|Any CPU.Build.0 = Release|Any CPU
		{A82840BD-E6B5-4D00-B497-0DFCAA07F51D}.Ad-Hoc|Any CPU.Deploy.0 = Release|Any CPU
		{A82840BD-E6B5-4D00-B497-0DFCAA07F51D}.Ad-Hoc|ARM.ActiveCfg = Release|Any CPU
		{A82840BD-E6B5-4D00-B497-0DFCAA07F51D}.Ad-Hoc|ARM.Build.0 = Release|Any CPU
		{A82840BD-E6B5-4D00-B497-0DFCAA07F51D}.Ad-Hoc|ARM.Deploy.0 = Release|Any CPU
		{A82840BD-E6B5-4D00-B497-0DFCAA07F51D}.Ad-Hoc|iPhone.ActiveCfg = Release|Any CPU
		{A82840BD-E6B5-4D00-B497-0DFCAA07F51D}.Ad-Hoc|iPhone.Build.0 = Release|Any CPU
		{A82840BD-E6B5-4D00-B497-0DFCAA07F51D}.Ad-Hoc|iPhone.Deploy.0 = Release|Any CPU
		{A82840BD-E6B5-4D00-B497-0DFCAA07F51D}.Ad-Hoc|iPhoneSimulator.ActiveCfg = Release|Any CPU
		{A82840BD-E6B5-4D00-B497-0DFCAA07F51D}.Ad-Hoc|iPhoneSimulator.Build.0 = Release|Any CPU
		{A82840BD-E6B5-4D00-B497-0DFCAA07F51D}.Ad-Hoc|iPhoneSimulator.Deploy.0 = Release|Any CPU
		{A82840BD-E6B5-4D00-B497-0DFCAA07F51D}.Ad-Hoc|x64.ActiveCfg = Release|Any CPU
		{A82840BD-E6B5-4D00-B497-0DFCAA07F51D}.Ad-Hoc|x64.Build.0 = Release|Any CPU
		{A82840BD-E6B5-4D00-B497-0DFCAA07F51D}.Ad-Hoc|x64.Deploy.0 = Release|Any CPU
		{A82840BD-E6B5-4D00-B497-0DFCAA07F51D}.Ad-Hoc|x86.ActiveCfg = Release|Any CPU
		{A82840BD-E6B5-4D00-B497-0DFCAA07F51D}.Ad-Hoc|x86.Build.0 = Release|Any CPU
		{A82840BD-E6B5-4D00-B497-0DFCAA07F51D}.Ad-Hoc|x86.Deploy.0 = Release|Any CPU
		{A82840BD-E6B5-4D00-B497-0DFCAA07F51D}.AppStore|Any CPU.ActiveCfg = Release|Any CPU
		{A82840BD-E6B5-4D00-B497-0DFCAA07F51D}.AppStore|Any CPU.Build.0 = Release|Any CPU
		{A82840BD-E6B5-4D00-B497-0DFCAA07F51D}.AppStore|Any CPU.Deploy.0 = Release|Any CPU
		{A82840BD-E6B5-4D00-B497-0DFCAA07F51D}.AppStore|ARM.ActiveCfg = Release|Any CPU
		{A82840BD-E6B5-4D00-B497-0DFCAA07F51D}.AppStore|ARM.Build.0 = Release|Any CPU
		{A82840BD-E6B5-4D00-B497-0DFCAA07F51D}.AppStore|ARM.Deploy.0 = Release|Any CPU
		{A82840BD-E6B5-4D00-B497-0DFCAA07F51D}.AppStore|iPhone.ActiveCfg = Release|Any CPU
		{A82840BD-E6B5-4D00-B497-0DFCAA07F51D}.AppStore|iPhone.Build.0 = Release|Any CPU
		{A82840BD-E6B5-4D00-B497-0DFCAA07F51D}.AppStore|iPhone.Deploy.0 = Release|Any CPU
		{A82840BD-E6B5-4D00-B497-0DFCAA07F51D}.AppStore|iPhoneSimulator.ActiveCfg = Release|Any CPU
		{A82840BD-E6B5-4D00-B497-0DFCAA07F51D}.AppStore|iPhoneSimulator.Build.0 = Release|Any CPU
		{A82840BD-E6B5-4D00-B497-0DFCAA07F51D}.AppStore|iPhoneSimulator.Deploy.0 = Release|Any CPU
		{A82840BD-E6B5-4D00-B497-0DFCAA07F51D}.AppStore|x64.ActiveCfg = Release|Any CPU
		{A82840BD-E6B5-4D00-B497-0DFCAA07F51D}.AppStore|x64.Build.0 = Release|Any CPU
		{A82840BD-E6B5-4D00-B497-0DFCAA07F51D}.AppStore|x64.Deploy.0 = Release|Any CPU
		{A82840BD-E6B5-4D00-B497-0DFCAA07F51D}.AppStore|x86.ActiveCfg = Release|Any CPU
		{A82840BD-E6B5-4D00-B497-0DFCAA07F51D}.AppStore|x86.Build.0 = Release|Any CPU
		{A82840BD-E6B5-4D00-B497-0DFCAA07F51D}.AppStore|x86.Deploy.0 = Release|Any CPU
		{A82840BD-E6B5-4D00-B497-0DFCAA07F51D}.Debug|Any CPU.ActiveCfg = Debug|Any CPU
		{A82840BD-E6B5-4D00-B497-0DFCAA07F51D}.Debug|Any CPU.Build.0 = Debug|Any CPU
		{A82840BD-E6B5-4D00-B497-0DFCAA07F51D}.Debug|Any CPU.Deploy.0 = Debug|Any CPU
		{A82840BD-E6B5-4D00-B497-0DFCAA07F51D}.Debug|ARM.ActiveCfg = Debug|Any CPU
		{A82840BD-E6B5-4D00-B497-0DFCAA07F51D}.Debug|ARM.Build.0 = Debug|Any CPU
		{A82840BD-E6B5-4D00-B497-0DFCAA07F51D}.Debug|ARM.Deploy.0 = Debug|Any CPU
		{A82840BD-E6B5-4D00-B497-0DFCAA07F51D}.Debug|iPhone.ActiveCfg = Debug|Any CPU
		{A82840BD-E6B5-4D00-B497-0DFCAA07F51D}.Debug|iPhone.Build.0 = Debug|Any CPU
		{A82840BD-E6B5-4D00-B497-0DFCAA07F51D}.Debug|iPhone.Deploy.0 = Debug|Any CPU
		{A82840BD-E6B5-4D00-B497-0DFCAA07F51D}.Debug|iPhoneSimulator.ActiveCfg = Debug|Any CPU
		{A82840BD-E6B5-4D00-B497-0DFCAA07F51D}.Debug|iPhoneSimulator.Build.0 = Debug|Any CPU
		{A82840BD-E6B5-4D00-B497-0DFCAA07F51D}.Debug|iPhoneSimulator.Deploy.0 = Debug|Any CPU
		{A82840BD-E6B5-4D00-B497-0DFCAA07F51D}.Debug|x64.ActiveCfg = Debug|Any CPU
		{A82840BD-E6B5-4D00-B497-0DFCAA07F51D}.Debug|x64.Build.0 = Debug|Any CPU
		{A82840BD-E6B5-4D00-B497-0DFCAA07F51D}.Debug|x64.Deploy.0 = Debug|Any CPU
		{A82840BD-E6B5-4D00-B497-0DFCAA07F51D}.Debug|x86.ActiveCfg = Debug|Any CPU
		{A82840BD-E6B5-4D00-B497-0DFCAA07F51D}.Debug|x86.Build.0 = Debug|Any CPU
		{A82840BD-E6B5-4D00-B497-0DFCAA07F51D}.Debug|x86.Deploy.0 = Debug|Any CPU
		{A82840BD-E6B5-4D00-B497-0DFCAA07F51D}.Release|Any CPU.ActiveCfg = Release|Any CPU
		{A82840BD-E6B5-4D00-B497-0DFCAA07F51D}.Release|Any CPU.Build.0 = Release|Any CPU
		{A82840BD-E6B5-4D00-B497-0DFCAA07F51D}.Release|Any CPU.Deploy.0 = Release|Any CPU
		{A82840BD-E6B5-4D00-B497-0DFCAA07F51D}.Release|ARM.ActiveCfg = Release|Any CPU
		{A82840BD-E6B5-4D00-B497-0DFCAA07F51D}.Release|ARM.Build.0 = Release|Any CPU
		{A82840BD-E6B5-4D00-B497-0DFCAA07F51D}.Release|ARM.Deploy.0 = Release|Any CPU
		{A82840BD-E6B5-4D00-B497-0DFCAA07F51D}.Release|iPhone.ActiveCfg = Release|Any CPU
		{A82840BD-E6B5-4D00-B497-0DFCAA07F51D}.Release|iPhone.Build.0 = Release|Any CPU
		{A82840BD-E6B5-4D00-B497-0DFCAA07F51D}.Release|iPhone.Deploy.0 = Release|Any CPU
		{A82840BD-E6B5-4D00-B497-0DFCAA07F51D}.Release|iPhoneSimulator.ActiveCfg = Release|Any CPU
		{A82840BD-E6B5-4D00-B497-0DFCAA07F51D}.Release|iPhoneSimulator.Build.0 = Release|Any CPU
		{A82840BD-E6B5-4D00-B497-0DFCAA07F51D}.Release|iPhoneSimulator.Deploy.0 = Release|Any CPU
		{A82840BD-E6B5-4D00-B497-0DFCAA07F51D}.Release|x64.ActiveCfg = Release|Any CPU
		{A82840BD-E6B5-4D00-B497-0DFCAA07F51D}.Release|x64.Build.0 = Release|Any CPU
		{A82840BD-E6B5-4D00-B497-0DFCAA07F51D}.Release|x64.Deploy.0 = Release|Any CPU
		{A82840BD-E6B5-4D00-B497-0DFCAA07F51D}.Release|x86.ActiveCfg = Release|Any CPU
		{A82840BD-E6B5-4D00-B497-0DFCAA07F51D}.Release|x86.Build.0 = Release|Any CPU
		{A82840BD-E6B5-4D00-B497-0DFCAA07F51D}.Release|x86.Deploy.0 = Release|Any CPU
		{F2C43B7D-40EF-4F02-B9B4-8F8CFF6CC40F}.Ad-Hoc|Any CPU.ActiveCfg = Ad-Hoc|iPhone
		{F2C43B7D-40EF-4F02-B9B4-8F8CFF6CC40F}.Ad-Hoc|ARM.ActiveCfg = Ad-Hoc|iPhone
		{F2C43B7D-40EF-4F02-B9B4-8F8CFF6CC40F}.Ad-Hoc|iPhone.ActiveCfg = Ad-Hoc|iPhone
		{F2C43B7D-40EF-4F02-B9B4-8F8CFF6CC40F}.Ad-Hoc|iPhone.Build.0 = Ad-Hoc|iPhone
		{F2C43B7D-40EF-4F02-B9B4-8F8CFF6CC40F}.Ad-Hoc|iPhoneSimulator.ActiveCfg = Ad-Hoc|iPhoneSimulator
		{F2C43B7D-40EF-4F02-B9B4-8F8CFF6CC40F}.Ad-Hoc|iPhoneSimulator.Build.0 = Ad-Hoc|iPhoneSimulator
		{F2C43B7D-40EF-4F02-B9B4-8F8CFF6CC40F}.Ad-Hoc|x64.ActiveCfg = Ad-Hoc|iPhone
		{F2C43B7D-40EF-4F02-B9B4-8F8CFF6CC40F}.Ad-Hoc|x86.ActiveCfg = Ad-Hoc|iPhone
		{F2C43B7D-40EF-4F02-B9B4-8F8CFF6CC40F}.AppStore|Any CPU.ActiveCfg = AppStore|iPhone
		{F2C43B7D-40EF-4F02-B9B4-8F8CFF6CC40F}.AppStore|ARM.ActiveCfg = AppStore|iPhone
		{F2C43B7D-40EF-4F02-B9B4-8F8CFF6CC40F}.AppStore|iPhone.ActiveCfg = AppStore|iPhone
		{F2C43B7D-40EF-4F02-B9B4-8F8CFF6CC40F}.AppStore|iPhone.Build.0 = AppStore|iPhone
		{F2C43B7D-40EF-4F02-B9B4-8F8CFF6CC40F}.AppStore|iPhoneSimulator.ActiveCfg = AppStore|iPhoneSimulator
		{F2C43B7D-40EF-4F02-B9B4-8F8CFF6CC40F}.AppStore|iPhoneSimulator.Build.0 = AppStore|iPhoneSimulator
		{F2C43B7D-40EF-4F02-B9B4-8F8CFF6CC40F}.AppStore|x64.ActiveCfg = AppStore|iPhone
		{F2C43B7D-40EF-4F02-B9B4-8F8CFF6CC40F}.AppStore|x86.ActiveCfg = AppStore|iPhone
		{F2C43B7D-40EF-4F02-B9B4-8F8CFF6CC40F}.Debug|Any CPU.ActiveCfg = Debug|iPhone
		{F2C43B7D-40EF-4F02-B9B4-8F8CFF6CC40F}.Debug|ARM.ActiveCfg = Debug|iPhone
		{F2C43B7D-40EF-4F02-B9B4-8F8CFF6CC40F}.Debug|iPhone.ActiveCfg = Debug|iPhone
		{F2C43B7D-40EF-4F02-B9B4-8F8CFF6CC40F}.Debug|iPhone.Build.0 = Debug|iPhone
		{F2C43B7D-40EF-4F02-B9B4-8F8CFF6CC40F}.Debug|iPhoneSimulator.ActiveCfg = Debug|iPhoneSimulator
		{F2C43B7D-40EF-4F02-B9B4-8F8CFF6CC40F}.Debug|iPhoneSimulator.Build.0 = Debug|iPhoneSimulator
		{F2C43B7D-40EF-4F02-B9B4-8F8CFF6CC40F}.Debug|x64.ActiveCfg = Debug|iPhone
		{F2C43B7D-40EF-4F02-B9B4-8F8CFF6CC40F}.Debug|x86.ActiveCfg = Debug|iPhone
		{F2C43B7D-40EF-4F02-B9B4-8F8CFF6CC40F}.Release|Any CPU.ActiveCfg = Release|iPhone
		{F2C43B7D-40EF-4F02-B9B4-8F8CFF6CC40F}.Release|ARM.ActiveCfg = Release|iPhone
		{F2C43B7D-40EF-4F02-B9B4-8F8CFF6CC40F}.Release|iPhone.ActiveCfg = Release|iPhone
		{F2C43B7D-40EF-4F02-B9B4-8F8CFF6CC40F}.Release|iPhone.Build.0 = Release|iPhone
		{F2C43B7D-40EF-4F02-B9B4-8F8CFF6CC40F}.Release|iPhoneSimulator.ActiveCfg = Release|iPhoneSimulator
		{F2C43B7D-40EF-4F02-B9B4-8F8CFF6CC40F}.Release|iPhoneSimulator.Build.0 = Release|iPhoneSimulator
		{F2C43B7D-40EF-4F02-B9B4-8F8CFF6CC40F}.Release|x64.ActiveCfg = Release|iPhone
		{F2C43B7D-40EF-4F02-B9B4-8F8CFF6CC40F}.Release|x86.ActiveCfg = Release|iPhone
		{2FAA120D-3D7E-4615-81CE-7ABF3E060541}.Ad-Hoc|Any CPU.ActiveCfg = Release|x86
		{2FAA120D-3D7E-4615-81CE-7ABF3E060541}.Ad-Hoc|Any CPU.Build.0 = Release|x86
		{2FAA120D-3D7E-4615-81CE-7ABF3E060541}.Ad-Hoc|Any CPU.Deploy.0 = Release|x86
		{2FAA120D-3D7E-4615-81CE-7ABF3E060541}.Ad-Hoc|ARM.ActiveCfg = Release|ARM
		{2FAA120D-3D7E-4615-81CE-7ABF3E060541}.Ad-Hoc|ARM.Build.0 = Release|ARM
		{2FAA120D-3D7E-4615-81CE-7ABF3E060541}.Ad-Hoc|ARM.Deploy.0 = Release|ARM
		{2FAA120D-3D7E-4615-81CE-7ABF3E060541}.Ad-Hoc|iPhone.ActiveCfg = Release|x86
		{2FAA120D-3D7E-4615-81CE-7ABF3E060541}.Ad-Hoc|iPhone.Build.0 = Release|x86
		{2FAA120D-3D7E-4615-81CE-7ABF3E060541}.Ad-Hoc|iPhone.Deploy.0 = Release|x86
		{2FAA120D-3D7E-4615-81CE-7ABF3E060541}.Ad-Hoc|iPhoneSimulator.ActiveCfg = Release|x86
		{2FAA120D-3D7E-4615-81CE-7ABF3E060541}.Ad-Hoc|iPhoneSimulator.Build.0 = Release|x86
		{2FAA120D-3D7E-4615-81CE-7ABF3E060541}.Ad-Hoc|iPhoneSimulator.Deploy.0 = Release|x86
		{2FAA120D-3D7E-4615-81CE-7ABF3E060541}.Ad-Hoc|x64.ActiveCfg = Release|x64
		{2FAA120D-3D7E-4615-81CE-7ABF3E060541}.Ad-Hoc|x64.Build.0 = Release|x64
		{2FAA120D-3D7E-4615-81CE-7ABF3E060541}.Ad-Hoc|x64.Deploy.0 = Release|x64
		{2FAA120D-3D7E-4615-81CE-7ABF3E060541}.Ad-Hoc|x86.ActiveCfg = Release|x86
		{2FAA120D-3D7E-4615-81CE-7ABF3E060541}.Ad-Hoc|x86.Build.0 = Release|x86
		{2FAA120D-3D7E-4615-81CE-7ABF3E060541}.Ad-Hoc|x86.Deploy.0 = Release|x86
		{2FAA120D-3D7E-4615-81CE-7ABF3E060541}.AppStore|Any CPU.ActiveCfg = Release|x86
		{2FAA120D-3D7E-4615-81CE-7ABF3E060541}.AppStore|Any CPU.Build.0 = Release|x86
		{2FAA120D-3D7E-4615-81CE-7ABF3E060541}.AppStore|Any CPU.Deploy.0 = Release|x86
		{2FAA120D-3D7E-4615-81CE-7ABF3E060541}.AppStore|ARM.ActiveCfg = Release|ARM
		{2FAA120D-3D7E-4615-81CE-7ABF3E060541}.AppStore|ARM.Build.0 = Release|ARM
		{2FAA120D-3D7E-4615-81CE-7ABF3E060541}.AppStore|ARM.Deploy.0 = Release|ARM
		{2FAA120D-3D7E-4615-81CE-7ABF3E060541}.AppStore|iPhone.ActiveCfg = Release|x86
		{2FAA120D-3D7E-4615-81CE-7ABF3E060541}.AppStore|iPhone.Build.0 = Release|x86
		{2FAA120D-3D7E-4615-81CE-7ABF3E060541}.AppStore|iPhone.Deploy.0 = Release|x86
		{2FAA120D-3D7E-4615-81CE-7ABF3E060541}.AppStore|iPhoneSimulator.ActiveCfg = Release|x86
		{2FAA120D-3D7E-4615-81CE-7ABF3E060541}.AppStore|iPhoneSimulator.Build.0 = Release|x86
		{2FAA120D-3D7E-4615-81CE-7ABF3E060541}.AppStore|iPhoneSimulator.Deploy.0 = Release|x86
		{2FAA120D-3D7E-4615-81CE-7ABF3E060541}.AppStore|x64.ActiveCfg = Release|x64
		{2FAA120D-3D7E-4615-81CE-7ABF3E060541}.AppStore|x64.Build.0 = Release|x64
		{2FAA120D-3D7E-4615-81CE-7ABF3E060541}.AppStore|x64.Deploy.0 = Release|x64
		{2FAA120D-3D7E-4615-81CE-7ABF3E060541}.AppStore|x86.ActiveCfg = Release|x86
		{2FAA120D-3D7E-4615-81CE-7ABF3E060541}.AppStore|x86.Build.0 = Release|x86
		{2FAA120D-3D7E-4615-81CE-7ABF3E060541}.AppStore|x86.Deploy.0 = Release|x86
		{2FAA120D-3D7E-4615-81CE-7ABF3E060541}.Debug|Any CPU.ActiveCfg = Debug|x86
		{2FAA120D-3D7E-4615-81CE-7ABF3E060541}.Debug|ARM.ActiveCfg = Debug|ARM
		{2FAA120D-3D7E-4615-81CE-7ABF3E060541}.Debug|ARM.Build.0 = Debug|ARM
		{2FAA120D-3D7E-4615-81CE-7ABF3E060541}.Debug|ARM.Deploy.0 = Debug|ARM
		{2FAA120D-3D7E-4615-81CE-7ABF3E060541}.Debug|iPhone.ActiveCfg = Debug|x86
		{2FAA120D-3D7E-4615-81CE-7ABF3E060541}.Debug|iPhoneSimulator.ActiveCfg = Debug|x86
		{2FAA120D-3D7E-4615-81CE-7ABF3E060541}.Debug|x64.ActiveCfg = Debug|x64
		{2FAA120D-3D7E-4615-81CE-7ABF3E060541}.Debug|x64.Build.0 = Debug|x64
		{2FAA120D-3D7E-4615-81CE-7ABF3E060541}.Debug|x64.Deploy.0 = Debug|x64
		{2FAA120D-3D7E-4615-81CE-7ABF3E060541}.Debug|x86.ActiveCfg = Debug|x86
		{2FAA120D-3D7E-4615-81CE-7ABF3E060541}.Debug|x86.Build.0 = Debug|x86
		{2FAA120D-3D7E-4615-81CE-7ABF3E060541}.Debug|x86.Deploy.0 = Debug|x86
		{2FAA120D-3D7E-4615-81CE-7ABF3E060541}.Release|Any CPU.ActiveCfg = Release|x86
		{2FAA120D-3D7E-4615-81CE-7ABF3E060541}.Release|ARM.ActiveCfg = Release|ARM
		{2FAA120D-3D7E-4615-81CE-7ABF3E060541}.Release|ARM.Build.0 = Release|ARM
		{2FAA120D-3D7E-4615-81CE-7ABF3E060541}.Release|ARM.Deploy.0 = Release|ARM
		{2FAA120D-3D7E-4615-81CE-7ABF3E060541}.Release|iPhone.ActiveCfg = Release|x86
		{2FAA120D-3D7E-4615-81CE-7ABF3E060541}.Release|iPhoneSimulator.ActiveCfg = Release|x86
		{2FAA120D-3D7E-4615-81CE-7ABF3E060541}.Release|x64.ActiveCfg = Release|x64
		{2FAA120D-3D7E-4615-81CE-7ABF3E060541}.Release|x64.Build.0 = Release|x64
		{2FAA120D-3D7E-4615-81CE-7ABF3E060541}.Release|x64.Deploy.0 = Release|x64
		{2FAA120D-3D7E-4615-81CE-7ABF3E060541}.Release|x86.ActiveCfg = Release|x86
		{2FAA120D-3D7E-4615-81CE-7ABF3E060541}.Release|x86.Build.0 = Release|x86
		{2FAA120D-3D7E-4615-81CE-7ABF3E060541}.Release|x86.Deploy.0 = Release|x86
	EndGlobalSection
	GlobalSection(SolutionProperties) = preSolution
		HideSolutionNode = FALSE
	EndGlobalSection
EndGlobal
